// !$*UTF8*$!
{
	archiveVersion = 1;
	classes = {
	};
	objectVersion = 44;
	objects = {

/* Begin PBXAggregateTarget section */
		EE1377031088767D00D31816 /* Save IB Files */ = {
			isa = PBXAggregateTarget;
			buildConfigurationList = EE13770E108876B900D31816 /* Build configuration list for PBXAggregateTarget "Save IB Files" */;
			buildPhases = (
				EE1377021088767D00D31816 /* ShellScript */,
			);
			dependencies = (
			);
			name = "Save IB Files";
			productName = "Save IB Files";
		};
/* End PBXAggregateTarget section */

/* Begin PBXBuildFile section */
		8D15AC2C0486D014006FF6A4 /* Credits.rtf in Resources */ = {isa = PBXBuildFile; fileRef = 2A37F4B9FDCFA73011CA2CEA /* Credits.rtf */; };
		8D15AC2F0486D014006FF6A4 /* InfoPlist.strings in Resources */ = {isa = PBXBuildFile; fileRef = 089C165FFE840EACC02AAC07 /* InfoPlist.strings */; };
		8D15AC310486D014006FF6A4 /* MyDocument.m in Sources */ = {isa = PBXBuildFile; fileRef = 2A37F4ACFDCFA73011CA2CEA /* MyDocument.m */; settings = {ATTRIBUTES = (); }; };
		8D15AC320486D014006FF6A4 /* main.m in Sources */ = {isa = PBXBuildFile; fileRef = 2A37F4B0FDCFA73011CA2CEA /* main.m */; settings = {ATTRIBUTES = (); }; };
		8D15AC340486D014006FF6A4 /* Cocoa.framework in Frameworks */ = {isa = PBXBuildFile; fileRef = 1058C7A7FEA54F5311CA2CBB /* Cocoa.framework */; };
		EE0D3A2A0D6F02350009A7B2 /* DataTableView.m in Sources */ = {isa = PBXBuildFile; fileRef = EE0D3A290D6F02350009A7B2 /* DataTableView.m */; };
		EE1189361099E7450072804F /* PPStringFormatsController.m in Sources */ = {isa = PBXBuildFile; fileRef = EE1189351099E7450072804F /* PPStringFormatsController.m */; };
		EE118BCE109B46770072804F /* PPStringFormatTransformPair.m in Sources */ = {isa = PBXBuildFile; fileRef = EE118BCD109B46770072804F /* PPStringFormatTransformPair.m */; };
		EE118C5710A1B7AB0072804F /* PPStringFormatPreviewController.m in Sources */ = {isa = PBXBuildFile; fileRef = EE118C5610A1B7AB0072804F /* PPStringFormatPreviewController.m */; };
		EE137ABC1090568600D31816 /* TB_add_column.png in Resources */ = {isa = PBXBuildFile; fileRef = EE137AB71090568600D31816 /* TB_add_column.png */; };
		EE137ABD1090568600D31816 /* TB_inspector.tiff in Resources */ = {isa = PBXBuildFile; fileRef = EE137AB81090568600D31816 /* TB_inspector.tiff */; };
		EE137ABE1090568600D31816 /* TB_remove_column.png in Resources */ = {isa = PBXBuildFile; fileRef = EE137AB91090568600D31816 /* TB_remove_column.png */; };
		EE137ABF1090568600D31816 /* TB_remove_row.png in Resources */ = {isa = PBXBuildFile; fileRef = EE137ABA1090568600D31816 /* TB_remove_row.png */; };
		EE137AC01090568600D31816 /* TB_add_row.png in Resources */ = {isa = PBXBuildFile; fileRef = EE137ABB1090568600D31816 /* TB_add_row.png */; };
		EE137C2B1095E68F00D31816 /* PPStringFormatManager.m in Sources */ = {isa = PBXBuildFile; fileRef = EE137C2A1095E68F00D31816 /* PPStringFormatManager.m */; };
		EE137C331095E80700D31816 /* PPStringFormatManager.xib in Resources */ = {isa = PBXBuildFile; fileRef = EE137C321095E80700D31816 /* PPStringFormatManager.xib */; };
		EE1512200D7F048D0092C02F /* DataTableColumn.m in Sources */ = {isa = PBXBuildFile; fileRef = EE15121D0D7F048D0092C02F /* DataTableColumn.m */; };
		EE1512210D7F048D0092C02F /* DataTableHeaderCell.m in Sources */ = {isa = PBXBuildFile; fileRef = EE15121F0D7F048D0092C02F /* DataTableHeaderCell.m */; };
		EE219ED5107F849100E28D4D /* DataTableCell.m in Sources */ = {isa = PBXBuildFile; fileRef = EE219ED4107F849100E28D4D /* DataTableCell.m */; };
		EE24A39B0D6ECCCB00C251A6 /* CSVRowController.m in Sources */ = {isa = PBXBuildFile; fileRef = EE24A39A0D6ECCCB00C251A6 /* CSVRowController.m */; };
		EE2EE5770DFD392B005764C0 /* RegexKitLite.m in Sources */ = {isa = PBXBuildFile; fileRef = EE2EE5760DFD392B005764C0 /* RegexKitLite.m */; };
		EE2EE5820DFD3B32005764C0 /* libicucore.dylib in Frameworks */ = {isa = PBXBuildFile; fileRef = EE2EE5810DFD3B32005764C0 /* libicucore.dylib */; };
		EE2EE6E80DFD8BDF005764C0 /* BC.m in Sources */ = {isa = PBXBuildFile; fileRef = EE2EE6E70DFD8BDF005764C0 /* BC.m */; };
		EE64B5A41049D9E6000DF5D2 /* PPStringFormat.m in Sources */ = {isa = PBXBuildFile; fileRef = EE64B5A31049D9E6000DF5D2 /* PPStringFormat.m */; };
		EE64B6281049E967000DF5D2 /* MyDocumentController.m in Sources */ = {isa = PBXBuildFile; fileRef = EE64B6271049E967000DF5D2 /* MyDocumentController.m */; };
		EE64B697104A80FF000DF5D2 /* CSVInspector.m in Sources */ = {isa = PBXBuildFile; fileRef = EE64B696104A80FF000DF5D2 /* CSVInspector.m */; };
		EE64B6AE104A8598000DF5D2 /* CSVInspector.xib in Resources */ = {isa = PBXBuildFile; fileRef = EE64B6AD104A8598000DF5D2 /* CSVInspector.xib */; };
		EE64B6F9104A9648000DF5D2 /* PPStringFormatEntity.m in Sources */ = {isa = PBXBuildFile; fileRef = EE64B6F8104A9648000DF5D2 /* PPStringFormatEntity.m */; };
		EE64B6FE104A9761000DF5D2 /* PPStringFormatRow.m in Sources */ = {isa = PBXBuildFile; fileRef = EE64B6FD104A9761000DF5D2 /* PPStringFormatRow.m */; };
		EE7146D7113687FC00418030 /* TB_reorder.png in Resources */ = {isa = PBXBuildFile; fileRef = EE7146D6113687FC00418030 /* TB_reorder.png */; };
		EE7146DB1136939D00418030 /* TB_export_formats.png in Resources */ = {isa = PBXBuildFile; fileRef = EE7146DA1136939D00418030 /* TB_export_formats.png */; };
		EE9E10F310429B7300554687 /* CSVDocument.m in Sources */ = {isa = PBXBuildFile; fileRef = EE9E10F010429B7300554687 /* CSVDocument.m */; };
		EE9E10F410429B7300554687 /* CSVRow.m in Sources */ = {isa = PBXBuildFile; fileRef = EE9E10F210429B7300554687 /* CSVRow.m */; };
		EE9E11111042BC8A00554687 /* CSVColumn.m in Sources */ = {isa = PBXBuildFile; fileRef = EE9E11101042BC8A00554687 /* CSVColumn.m */; };
		EE9E1DEE1046BDC400554687 /* MyDocument.xib in Resources */ = {isa = PBXBuildFile; fileRef = EE9E1DED1046BDC400554687 /* MyDocument.xib */; };
		EE9E1DF41046BE3900554687 /* MainMenu.xib in Resources */ = {isa = PBXBuildFile; fileRef = EE9E1DF31046BE3900554687 /* MainMenu.xib */; };
		EE9E21231047CF8700554687 /* PPToolbarView.m in Sources */ = {isa = PBXBuildFile; fileRef = EE9E21221047CF8700554687 /* PPToolbarView.m */; };
		EE9E2267104805E300554687 /* PPToolbarButton.m in Sources */ = {isa = PBXBuildFile; fileRef = EE9E2266104805E300554687 /* PPToolbarButton.m */; };
		EE9E22FD104812F800554687 /* PPToolbarButtonCell.m in Sources */ = {isa = PBXBuildFile; fileRef = EE9E22FC104812F800554687 /* PPToolbarButtonCell.m */; };
		EEC9006A0DD04898006716F9 /* CSVManipulatorIcon.icns in Resources */ = {isa = PBXBuildFile; fileRef = EEC900690DD04898006716F9 /* CSVManipulatorIcon.icns */; };
		EEE8F3B50F13AA720081E83D /* CSVWindowController.m in Sources */ = {isa = PBXBuildFile; fileRef = EEE8F3B40F13AA720081E83D /* CSVWindowController.m */; };
		EEE8FA460F1523B70081E83D /* AppController.m in Sources */ = {isa = PBXBuildFile; fileRef = EEE8FA450F1523B70081E83D /* AppController.m */; };
		EEF072F01086302800C05DE9 /* DataTableHeaderView.m in Sources */ = {isa = PBXBuildFile; fileRef = EEF072EF1086302700C05DE9 /* DataTableHeaderView.m */; };
/* End PBXBuildFile section */

/* Begin PBXFileReference section */
		089C1660FE840EACC02AAC07 /* English */ = {isa = PBXFileReference; fileEncoding = 10; lastKnownFileType = text.plist.strings; name = English; path = English.lproj/InfoPlist.strings; sourceTree = "<group>"; };
		1058C7A7FEA54F5311CA2CBB /* Cocoa.framework */ = {isa = PBXFileReference; lastKnownFileType = wrapper.framework; name = Cocoa.framework; path = /System/Library/Frameworks/Cocoa.framework; sourceTree = "<absolute>"; };
		13E42FBA07B3F13500E4EEF1 /* CoreData.framework */ = {isa = PBXFileReference; lastKnownFileType = wrapper.framework; name = CoreData.framework; path = /System/Library/Frameworks/CoreData.framework; sourceTree = "<absolute>"; };
		2A37F4ACFDCFA73011CA2CEA /* MyDocument.m */ = {isa = PBXFileReference; fileEncoding = 4; lastKnownFileType = sourcecode.c.objc; path = MyDocument.m; sourceTree = "<group>"; };
		2A37F4AEFDCFA73011CA2CEA /* MyDocument.h */ = {isa = PBXFileReference; fileEncoding = 4; lastKnownFileType = sourcecode.c.h; path = MyDocument.h; sourceTree = "<group>"; };
		2A37F4B0FDCFA73011CA2CEA /* main.m */ = {isa = PBXFileReference; fileEncoding = 4; lastKnownFileType = sourcecode.c.objc; path = main.m; sourceTree = "<group>"; };
		2A37F4BAFDCFA73011CA2CEA /* English */ = {isa = PBXFileReference; lastKnownFileType = text.rtf; name = English; path = English.lproj/Credits.rtf; sourceTree = "<group>"; };
		2A37F4C4FDCFA73011CA2CEA /* AppKit.framework */ = {isa = PBXFileReference; lastKnownFileType = wrapper.framework; name = AppKit.framework; path = /System/Library/Frameworks/AppKit.framework; sourceTree = "<absolute>"; };
		2A37F4C5FDCFA73011CA2CEA /* Foundation.framework */ = {isa = PBXFileReference; lastKnownFileType = wrapper.framework; name = Foundation.framework; path = /System/Library/Frameworks/Foundation.framework; sourceTree = "<absolute>"; };
		32DBCF750370BD2300C91783 /* CSVManipulator_Prefix.pch */ = {isa = PBXFileReference; fileEncoding = 4; lastKnownFileType = sourcecode.c.h; path = CSVManipulator_Prefix.pch; sourceTree = "<group>"; };
		8D15AC360486D014006FF6A4 /* Info.plist */ = {isa = PBXFileReference; fileEncoding = 4; lastKnownFileType = text.plist.xml; path = Info.plist; sourceTree = "<group>"; };
		8D15AC370486D014006FF6A4 /* CSVManipulator.app */ = {isa = PBXFileReference; explicitFileType = wrapper.application; includeInIndex = 0; path = CSVManipulator.app; sourceTree = BUILT_PRODUCTS_DIR; };
		EE0D3A280D6F02350009A7B2 /* DataTableView.h */ = {isa = PBXFileReference; fileEncoding = 4; lastKnownFileType = sourcecode.c.h; path = DataTableView.h; sourceTree = "<group>"; };
		EE0D3A290D6F02350009A7B2 /* DataTableView.m */ = {isa = PBXFileReference; fileEncoding = 4; lastKnownFileType = sourcecode.c.objc; path = DataTableView.m; sourceTree = "<group>"; };
		EE1189341099E7450072804F /* PPStringFormatsController.h */ = {isa = PBXFileReference; fileEncoding = 4; lastKnownFileType = sourcecode.c.h; path = PPStringFormatsController.h; sourceTree = "<group>"; };
		EE1189351099E7450072804F /* PPStringFormatsController.m */ = {isa = PBXFileReference; fileEncoding = 4; lastKnownFileType = sourcecode.c.objc; path = PPStringFormatsController.m; sourceTree = "<group>"; };
		EE118BCC109B46770072804F /* PPStringFormatTransformPair.h */ = {isa = PBXFileReference; fileEncoding = 4; lastKnownFileType = sourcecode.c.h; path = PPStringFormatTransformPair.h; sourceTree = "<group>"; };
		EE118BCD109B46770072804F /* PPStringFormatTransformPair.m */ = {isa = PBXFileReference; fileEncoding = 4; lastKnownFileType = sourcecode.c.objc; path = PPStringFormatTransformPair.m; sourceTree = "<group>"; };
		EE118C5510A1B7AB0072804F /* PPStringFormatPreviewController.h */ = {isa = PBXFileReference; fileEncoding = 4; lastKnownFileType = sourcecode.c.h; path = PPStringFormatPreviewController.h; sourceTree = "<group>"; };
		EE118C5610A1B7AB0072804F /* PPStringFormatPreviewController.m */ = {isa = PBXFileReference; fileEncoding = 4; lastKnownFileType = sourcecode.c.objc; path = PPStringFormatPreviewController.m; sourceTree = "<group>"; };
		EE1377641088A54D00D31816 /* DataTableViewDelegate.h */ = {isa = PBXFileReference; fileEncoding = 4; lastKnownFileType = sourcecode.c.h; path = DataTableViewDelegate.h; sourceTree = "<group>"; };
		EE137AB71090568600D31816 /* TB_add_column.png */ = {isa = PBXFileReference; lastKnownFileType = image.png; path = TB_add_column.png; sourceTree = "<group>"; };
		EE137AB81090568600D31816 /* TB_inspector.tiff */ = {isa = PBXFileReference; lastKnownFileType = image.tiff; path = TB_inspector.tiff; sourceTree = "<group>"; };
		EE137AB91090568600D31816 /* TB_remove_column.png */ = {isa = PBXFileReference; lastKnownFileType = image.png; path = TB_remove_column.png; sourceTree = "<group>"; };
		EE137ABA1090568600D31816 /* TB_remove_row.png */ = {isa = PBXFileReference; lastKnownFileType = image.png; path = TB_remove_row.png; sourceTree = "<group>"; };
		EE137ABB1090568600D31816 /* TB_add_row.png */ = {isa = PBXFileReference; lastKnownFileType = image.png; path = TB_add_row.png; sourceTree = "<group>"; };
		EE137C291095E68F00D31816 /* PPStringFormatManager.h */ = {isa = PBXFileReference; fileEncoding = 4; lastKnownFileType = sourcecode.c.h; path = PPStringFormatManager.h; sourceTree = "<group>"; };
		EE137C2A1095E68F00D31816 /* PPStringFormatManager.m */ = {isa = PBXFileReference; fileEncoding = 4; lastKnownFileType = sourcecode.c.objc; path = PPStringFormatManager.m; sourceTree = "<group>"; };
		EE137C321095E80700D31816 /* PPStringFormatManager.xib */ = {isa = PBXFileReference; lastKnownFileType = file.xib; name = PPStringFormatManager.xib; path = ../PPStringFormatManager.xib; sourceTree = "<group>"; };
		EE15121C0D7F048D0092C02F /* DataTableColumn.h */ = {isa = PBXFileReference; fileEncoding = 4; lastKnownFileType = sourcecode.c.h; path = DataTableColumn.h; sourceTree = "<group>"; };
		EE15121D0D7F048D0092C02F /* DataTableColumn.m */ = {isa = PBXFileReference; fileEncoding = 4; lastKnownFileType = sourcecode.c.objc; path = DataTableColumn.m; sourceTree = "<group>"; };
		EE15121E0D7F048D0092C02F /* DataTableHeaderCell.h */ = {isa = PBXFileReference; fileEncoding = 4; lastKnownFileType = sourcecode.c.h; path = DataTableHeaderCell.h; sourceTree = "<group>"; };
		EE15121F0D7F048D0092C02F /* DataTableHeaderCell.m */ = {isa = PBXFileReference; fileEncoding = 4; lastKnownFileType = sourcecode.c.objc; path = DataTableHeaderCell.m; sourceTree = "<group>"; };
		EE219ED3107F849100E28D4D /* DataTableCell.h */ = {isa = PBXFileReference; fileEncoding = 4; lastKnownFileType = sourcecode.c.h; path = DataTableCell.h; sourceTree = "<group>"; };
		EE219ED4107F849100E28D4D /* DataTableCell.m */ = {isa = PBXFileReference; fileEncoding = 4; lastKnownFileType = sourcecode.c.objc; path = DataTableCell.m; sourceTree = "<group>"; };
		EE24A3990D6ECCCB00C251A6 /* CSVRowController.h */ = {isa = PBXFileReference; fileEncoding = 4; lastKnownFileType = sourcecode.c.h; path = CSVRowController.h; sourceTree = "<group>"; };
		EE24A39A0D6ECCCB00C251A6 /* CSVRowController.m */ = {isa = PBXFileReference; fileEncoding = 4; lastKnownFileType = sourcecode.c.objc; path = CSVRowController.m; sourceTree = "<group>"; };
		EE2EE5750DFD392B005764C0 /* RegexKitLite.h */ = {isa = PBXFileReference; fileEncoding = 4; lastKnownFileType = sourcecode.c.h; path = RegexKitLite.h; sourceTree = "<group>"; };
		EE2EE5760DFD392B005764C0 /* RegexKitLite.m */ = {isa = PBXFileReference; fileEncoding = 4; lastKnownFileType = sourcecode.c.objc; path = RegexKitLite.m; sourceTree = "<group>"; };
		EE2EE5810DFD3B32005764C0 /* libicucore.dylib */ = {isa = PBXFileReference; lastKnownFileType = "compiled.mach-o.dylib"; name = libicucore.dylib; path = usr/lib/libicucore.dylib; sourceTree = SDKROOT; };
		EE2EE6E60DFD8BDE005764C0 /* BC.h */ = {isa = PBXFileReference; fileEncoding = 4; lastKnownFileType = sourcecode.c.h; path = BC.h; sourceTree = "<group>"; };
		EE2EE6E70DFD8BDF005764C0 /* BC.m */ = {isa = PBXFileReference; fileEncoding = 4; lastKnownFileType = sourcecode.c.objc; path = BC.m; sourceTree = "<group>"; };
		EE64B5A21049D9E6000DF5D2 /* PPStringFormat.h */ = {isa = PBXFileReference; fileEncoding = 4; lastKnownFileType = sourcecode.c.h; path = PPStringFormat.h; sourceTree = "<group>"; };
		EE64B5A31049D9E6000DF5D2 /* PPStringFormat.m */ = {isa = PBXFileReference; fileEncoding = 4; lastKnownFileType = sourcecode.c.objc; path = PPStringFormat.m; sourceTree = "<group>"; };
		EE64B6261049E967000DF5D2 /* MyDocumentController.h */ = {isa = PBXFileReference; fileEncoding = 4; lastKnownFileType = sourcecode.c.h; path = MyDocumentController.h; sourceTree = "<group>"; };
		EE64B6271049E967000DF5D2 /* MyDocumentController.m */ = {isa = PBXFileReference; fileEncoding = 4; lastKnownFileType = sourcecode.c.objc; path = MyDocumentController.m; sourceTree = "<group>"; };
		EE64B695104A80FF000DF5D2 /* CSVInspector.h */ = {isa = PBXFileReference; fileEncoding = 4; lastKnownFileType = sourcecode.c.h; path = CSVInspector.h; sourceTree = "<group>"; };
		EE64B696104A80FF000DF5D2 /* CSVInspector.m */ = {isa = PBXFileReference; fileEncoding = 4; lastKnownFileType = sourcecode.c.objc; path = CSVInspector.m; sourceTree = "<group>"; };
		EE64B6AB104A858A000DF5D2 /* English */ = {isa = PBXFileReference; lastKnownFileType = file.xib; name = English; path = English.lproj/CSVInspector.xib; sourceTree = "<group>"; };
		EE64B6F7104A9648000DF5D2 /* PPStringFormatEntity.h */ = {isa = PBXFileReference; fileEncoding = 4; lastKnownFileType = sourcecode.c.h; path = PPStringFormatEntity.h; sourceTree = "<group>"; };
		EE64B6F8104A9648000DF5D2 /* PPStringFormatEntity.m */ = {isa = PBXFileReference; fileEncoding = 4; lastKnownFileType = sourcecode.c.objc; path = PPStringFormatEntity.m; sourceTree = "<group>"; };
		EE64B6FC104A9761000DF5D2 /* PPStringFormatRow.h */ = {isa = PBXFileReference; fileEncoding = 4; lastKnownFileType = sourcecode.c.h; path = PPStringFormatRow.h; sourceTree = "<group>"; };
		EE64B6FD104A9761000DF5D2 /* PPStringFormatRow.m */ = {isa = PBXFileReference; fileEncoding = 4; lastKnownFileType = sourcecode.c.objc; path = PPStringFormatRow.m; sourceTree = "<group>"; };
		EE7146D6113687FC00418030 /* TB_reorder.png */ = {isa = PBXFileReference; lastKnownFileType = image.png; path = TB_reorder.png; sourceTree = "<group>"; };
		EE7146DA1136939D00418030 /* TB_export_formats.png */ = {isa = PBXFileReference; lastKnownFileType = image.png; path = TB_export_formats.png; sourceTree = "<group>"; };
		EE9E10EF10429B7300554687 /* CSVDocument.h */ = {isa = PBXFileReference; fileEncoding = 4; lastKnownFileType = sourcecode.c.h; path = CSVDocument.h; sourceTree = "<group>"; };
		EE9E10F010429B7300554687 /* CSVDocument.m */ = {isa = PBXFileReference; fileEncoding = 4; lastKnownFileType = sourcecode.c.objc; path = CSVDocument.m; sourceTree = "<group>"; };
		EE9E10F110429B7300554687 /* CSVRow.h */ = {isa = PBXFileReference; fileEncoding = 4; lastKnownFileType = sourcecode.c.h; path = CSVRow.h; sourceTree = "<group>"; };
		EE9E10F210429B7300554687 /* CSVRow.m */ = {isa = PBXFileReference; fileEncoding = 4; lastKnownFileType = sourcecode.c.objc; path = CSVRow.m; sourceTree = "<group>"; };
		EE9E110F1042BC8A00554687 /* CSVColumn.h */ = {isa = PBXFileReference; fileEncoding = 4; lastKnownFileType = sourcecode.c.h; path = CSVColumn.h; sourceTree = "<group>"; };
		EE9E11101042BC8A00554687 /* CSVColumn.m */ = {isa = PBXFileReference; fileEncoding = 4; lastKnownFileType = sourcecode.c.objc; path = CSVColumn.m; sourceTree = "<group>"; };
		EE9E19531045380800554687 /* CSVDocumentDelegate.h */ = {isa = PBXFileReference; fileEncoding = 4; lastKnownFileType = sourcecode.c.h; path = CSVDocumentDelegate.h; sourceTree = "<group>"; };
		EE9E1DEB1046BDC100554687 /* English */ = {isa = PBXFileReference; explicitFileType = file.xib; name = English; path = English.lproj/MyDocument.xib; sourceTree = "<group>"; };
		EE9E1DF11046BE1F00554687 /* English */ = {isa = PBXFileReference; lastKnownFileType = file.xib; name = English; path = English.lproj/MainMenu.xib; sourceTree = "<group>"; };
		EE9E21211047CF8700554687 /* PPToolbarView.h */ = {isa = PBXFileReference; fileEncoding = 4; lastKnownFileType = sourcecode.c.h; path = PPToolbarView.h; sourceTree = "<group>"; };
		EE9E21221047CF8700554687 /* PPToolbarView.m */ = {isa = PBXFileReference; fileEncoding = 4; lastKnownFileType = sourcecode.c.objc; path = PPToolbarView.m; sourceTree = "<group>"; };
		EE9E2265104805E300554687 /* PPToolbarButton.h */ = {isa = PBXFileReference; fileEncoding = 4; lastKnownFileType = sourcecode.c.h; path = PPToolbarButton.h; sourceTree = "<group>"; };
		EE9E2266104805E300554687 /* PPToolbarButton.m */ = {isa = PBXFileReference; fileEncoding = 4; lastKnownFileType = sourcecode.c.objc; path = PPToolbarButton.m; sourceTree = "<group>"; };
		EE9E22FB104812F800554687 /* PPToolbarButtonCell.h */ = {isa = PBXFileReference; fileEncoding = 4; lastKnownFileType = sourcecode.c.h; path = PPToolbarButtonCell.h; sourceTree = "<group>"; };
		EE9E22FC104812F800554687 /* PPToolbarButtonCell.m */ = {isa = PBXFileReference; fileEncoding = 4; lastKnownFileType = sourcecode.c.objc; path = PPToolbarButtonCell.m; sourceTree = "<group>"; };
		EEC900690DD04898006716F9 /* CSVManipulatorIcon.icns */ = {isa = PBXFileReference; lastKnownFileType = image.icns; path = CSVManipulatorIcon.icns; sourceTree = "<group>"; };
		EEE8F3B30F13AA720081E83D /* CSVWindowController.h */ = {isa = PBXFileReference; fileEncoding = 4; lastKnownFileType = sourcecode.c.h; path = CSVWindowController.h; sourceTree = "<group>"; };
		EEE8F3B40F13AA720081E83D /* CSVWindowController.m */ = {isa = PBXFileReference; fileEncoding = 4; lastKnownFileType = sourcecode.c.objc; path = CSVWindowController.m; sourceTree = "<group>"; };
		EEE8FA440F1523B70081E83D /* AppController.h */ = {isa = PBXFileReference; fileEncoding = 4; lastKnownFileType = sourcecode.c.h; path = AppController.h; sourceTree = "<group>"; };
		EEE8FA450F1523B70081E83D /* AppController.m */ = {isa = PBXFileReference; fileEncoding = 4; lastKnownFileType = sourcecode.c.objc; path = AppController.m; sourceTree = "<group>"; };
		EEF072EE1086302700C05DE9 /* DataTableHeaderView.h */ = {isa = PBXFileReference; fileEncoding = 4; lastKnownFileType = sourcecode.c.h; path = DataTableHeaderView.h; sourceTree = "<group>"; };
		EEF072EF1086302700C05DE9 /* DataTableHeaderView.m */ = {isa = PBXFileReference; fileEncoding = 4; lastKnownFileType = sourcecode.c.objc; path = DataTableHeaderView.m; sourceTree = "<group>"; };
/* End PBXFileReference section */

/* Begin PBXFrameworksBuildPhase section */
		8D15AC330486D014006FF6A4 /* Frameworks */ = {
			isa = PBXFrameworksBuildPhase;
			buildActionMask = 2147483647;
			files = (
				EE2EE5820DFD3B32005764C0 /* libicucore.dylib in Frameworks */,
				8D15AC340486D014006FF6A4 /* Cocoa.framework in Frameworks */,
			);
			runOnlyForDeploymentPostprocessing = 0;
		};
/* End PBXFrameworksBuildPhase section */

/* Begin PBXGroup section */
		1058C7A6FEA54F5311CA2CBB /* Linked Frameworks */ = {
			isa = PBXGroup;
			children = (
				1058C7A7FEA54F5311CA2CBB /* Cocoa.framework */,
			);
			name = "Linked Frameworks";
			sourceTree = "<group>";
		};
		1058C7A8FEA54F5311CA2CBB /* Other Frameworks */ = {
			isa = PBXGroup;
			children = (
				2A37F4C4FDCFA73011CA2CEA /* AppKit.framework */,
				13E42FBA07B3F13500E4EEF1 /* CoreData.framework */,
				2A37F4C5FDCFA73011CA2CEA /* Foundation.framework */,
			);
			name = "Other Frameworks";
			sourceTree = "<group>";
		};
		19C28FB0FE9D524F11CA2CBB /* Products */ = {
			isa = PBXGroup;
			children = (
				8D15AC370486D014006FF6A4 /* CSVManipulator.app */,
			);
			name = Products;
			sourceTree = "<group>";
		};
		2A37F4AAFDCFA73011CA2CEA /* CSVManipulator */ = {
			isa = PBXGroup;
			children = (
				2A37F4ABFDCFA73011CA2CEA /* Classes */,
				EE137AB21090565D00D31816 /* Images */,
				2A37F4B8FDCFA73011CA2CEA /* Resources */,
				2A37F4C3FDCFA73011CA2CEA /* Frameworks */,
				19C28FB0FE9D524F11CA2CBB /* Products */,
			);
			name = CSVManipulator;
			sourceTree = "<group>";
		};
		2A37F4ABFDCFA73011CA2CEA /* Classes */ = {
			isa = PBXGroup;
			children = (
				EEE8FA440F1523B70081E83D /* AppController.h */,
				EEE8FA450F1523B70081E83D /* AppController.m */,
				EE64B6261049E967000DF5D2 /* MyDocumentController.h */,
				EE64B6271049E967000DF5D2 /* MyDocumentController.m */,
				2A37F4AEFDCFA73011CA2CEA /* MyDocument.h */,
				2A37F4ACFDCFA73011CA2CEA /* MyDocument.m */,
				EEE8F3B30F13AA720081E83D /* CSVWindowController.h */,
				EEE8F3B40F13AA720081E83D /* CSVWindowController.m */,
				EE64B695104A80FF000DF5D2 /* CSVInspector.h */,
				EE64B696104A80FF000DF5D2 /* CSVInspector.m */,
				EE9E14C21043DA5D00554687 /* CSVDocument */,
				EE64B59F1049D9C5000DF5D2 /* FileExport */,
				EE9E220D1047FF7100554687 /* ViewClasses */,
				EE1512230D7F04910092C02F /* DataTable */,
				2A37F4AFFDCFA73011CA2CEA /* Other Sources */,
			);
			name = Classes;
			sourceTree = "<group>";
		};
		2A37F4AFFDCFA73011CA2CEA /* Other Sources */ = {
			isa = PBXGroup;
			children = (
				EE2EE6E60DFD8BDE005764C0 /* BC.h */,
				EE2EE6E70DFD8BDF005764C0 /* BC.m */,
				EE2EE5750DFD392B005764C0 /* RegexKitLite.h */,
				EE2EE5760DFD392B005764C0 /* RegexKitLite.m */,
				32DBCF750370BD2300C91783 /* CSVManipulator_Prefix.pch */,
				2A37F4B0FDCFA73011CA2CEA /* main.m */,
			);
			name = "Other Sources";
			sourceTree = "<group>";
		};
		2A37F4B8FDCFA73011CA2CEA /* Resources */ = {
			isa = PBXGroup;
			children = (
				EEC900690DD04898006716F9 /* CSVManipulatorIcon.icns */,
				2A37F4B9FDCFA73011CA2CEA /* Credits.rtf */,
				EE9E1DF31046BE3900554687 /* MainMenu.xib */,
				EE9E1DED1046BDC400554687 /* MyDocument.xib */,
				EE64B6AD104A8598000DF5D2 /* CSVInspector.xib */,
				8D15AC360486D014006FF6A4 /* Info.plist */,
				089C165FFE840EACC02AAC07 /* InfoPlist.strings */,
			);
			name = Resources;
			sourceTree = "<group>";
		};
		2A37F4C3FDCFA73011CA2CEA /* Frameworks */ = {
			isa = PBXGroup;
			children = (
				EE2EE5810DFD3B32005764C0 /* libicucore.dylib */,
				1058C7A6FEA54F5311CA2CBB /* Linked Frameworks */,
				1058C7A8FEA54F5311CA2CBB /* Other Frameworks */,
			);
			name = Frameworks;
			sourceTree = "<group>";
		};
		EE137AB21090565D00D31816 /* Images */ = {
			isa = PBXGroup;
			children = (
				EE137AB31090566500D31816 /* Toolbar */,
			);
			name = Images;
			sourceTree = "<group>";
		};
		EE137AB31090566500D31816 /* Toolbar */ = {
			isa = PBXGroup;
			children = (
				EE7146DA1136939D00418030 /* TB_export_formats.png */,
				EE7146D6113687FC00418030 /* TB_reorder.png */,
				EE137AB71090568600D31816 /* TB_add_column.png */,
				EE137AB81090568600D31816 /* TB_inspector.tiff */,
				EE137AB91090568600D31816 /* TB_remove_column.png */,
				EE137ABA1090568600D31816 /* TB_remove_row.png */,
				EE137ABB1090568600D31816 /* TB_add_row.png */,
			);
			name = Toolbar;
			path = Images/Toolbar;
			sourceTree = "<group>";
		};
		EE1512230D7F04910092C02F /* DataTable */ = {
			isa = PBXGroup;
			children = (
				EE1377641088A54D00D31816 /* DataTableViewDelegate.h */,
				EE0D3A280D6F02350009A7B2 /* DataTableView.h */,
				EE0D3A290D6F02350009A7B2 /* DataTableView.m */,
				EE15121C0D7F048D0092C02F /* DataTableColumn.h */,
				EE15121D0D7F048D0092C02F /* DataTableColumn.m */,
				EEF072EE1086302700C05DE9 /* DataTableHeaderView.h */,
				EEF072EF1086302700C05DE9 /* DataTableHeaderView.m */,
				EE15121E0D7F048D0092C02F /* DataTableHeaderCell.h */,
				EE15121F0D7F048D0092C02F /* DataTableHeaderCell.m */,
				EE219ED3107F849100E28D4D /* DataTableCell.h */,
				EE219ED4107F849100E28D4D /* DataTableCell.m */,
			);
			path = DataTable;
			sourceTree = "<group>";
		};
		EE64B59F1049D9C5000DF5D2 /* FileExport */ = {
			isa = PBXGroup;
			children = (
				EE64B5A21049D9E6000DF5D2 /* PPStringFormat.h */,
				EE64B5A31049D9E6000DF5D2 /* PPStringFormat.m */,
				EE64B6FC104A9761000DF5D2 /* PPStringFormatRow.h */,
				EE64B6FD104A9761000DF5D2 /* PPStringFormatRow.m */,
				EE64B6F7104A9648000DF5D2 /* PPStringFormatEntity.h */,
				EE64B6F8104A9648000DF5D2 /* PPStringFormatEntity.m */,
				EE1189341099E7450072804F /* PPStringFormatsController.h */,
				EE1189351099E7450072804F /* PPStringFormatsController.m */,
				EE137C291095E68F00D31816 /* PPStringFormatManager.h */,
				EE137C2A1095E68F00D31816 /* PPStringFormatManager.m */,
				EE137C321095E80700D31816 /* PPStringFormatManager.xib */,
				EE118C5510A1B7AB0072804F /* PPStringFormatPreviewController.h */,
				EE118C5610A1B7AB0072804F /* PPStringFormatPreviewController.m */,
				EE118BCC109B46770072804F /* PPStringFormatTransformPair.h */,
				EE118BCD109B46770072804F /* PPStringFormatTransformPair.m */,
			);
			path = FileExport;
			sourceTree = "<group>";
		};
		EE9E14C21043DA5D00554687 /* CSVDocument */ = {
			isa = PBXGroup;
			children = (
				EE9E19531045380800554687 /* CSVDocumentDelegate.h */,
				EE9E10EF10429B7300554687 /* CSVDocument.h */,
				EE9E10F010429B7300554687 /* CSVDocument.m */,
				EE9E10F110429B7300554687 /* CSVRow.h */,
				EE9E10F210429B7300554687 /* CSVRow.m */,
				EE9E110F1042BC8A00554687 /* CSVColumn.h */,
				EE9E11101042BC8A00554687 /* CSVColumn.m */,
				EE24A3990D6ECCCB00C251A6 /* CSVRowController.h */,
				EE24A39A0D6ECCCB00C251A6 /* CSVRowController.m */,
			);
			path = CSVDocument;
			sourceTree = "<group>";
		};
		EE9E220D1047FF7100554687 /* ViewClasses */ = {
			isa = PBXGroup;
			children = (
				EE9E21211047CF8700554687 /* PPToolbarView.h */,
				EE9E21221047CF8700554687 /* PPToolbarView.m */,
				EE9E2265104805E300554687 /* PPToolbarButton.h */,
				EE9E2266104805E300554687 /* PPToolbarButton.m */,
				EE9E22FB104812F800554687 /* PPToolbarButtonCell.h */,
				EE9E22FC104812F800554687 /* PPToolbarButtonCell.m */,
			);
			path = ViewClasses;
			sourceTree = "<group>";
		};
/* End PBXGroup section */

/* Begin PBXNativeTarget section */
		8D15AC270486D014006FF6A4 /* CSVManipulator */ = {
			isa = PBXNativeTarget;
			buildConfigurationList = C05733C708A9546B00998B17 /* Build configuration list for PBXNativeTarget "CSVManipulator" */;
			buildPhases = (
				8D15AC2B0486D014006FF6A4 /* Resources */,
				8D15AC300486D014006FF6A4 /* Sources */,
				8D15AC330486D014006FF6A4 /* Frameworks */,
			);
			buildRules = (
			);
			dependencies = (
			);
			name = CSVManipulator;
			productInstallPath = "$(HOME)/Applications";
			productName = CSVManipulator;
			productReference = 8D15AC370486D014006FF6A4 /* CSVManipulator.app */;
			productType = "com.apple.product-type.application";
		};
/* End PBXNativeTarget section */

/* Begin PBXProject section */
		2A37F4A9FDCFA73011CA2CEA /* Project object */ = {
			isa = PBXProject;
			buildConfigurationList = C05733CB08A9546B00998B17 /* Build configuration list for PBXProject "CSVManipulator" */;
			compatibilityVersion = "Xcode 3.0";
			developmentRegion = English;
			hasScannedForEncodings = 1;
			knownRegions = (
				English,
				Japanese,
				French,
				German,
			);
			mainGroup = 2A37F4AAFDCFA73011CA2CEA /* CSVManipulator */;
			projectDirPath = "";
			projectRoot = "";
			targets = (
				8D15AC270486D014006FF6A4 /* CSVManipulator */,
				EE1377031088767D00D31816 /* Save IB Files */,
			);
		};
/* End PBXProject section */

/* Begin PBXResourcesBuildPhase section */
		8D15AC2B0486D014006FF6A4 /* Resources */ = {
			isa = PBXResourcesBuildPhase;
			buildActionMask = 2147483647;
			files = (
				8D15AC2C0486D014006FF6A4 /* Credits.rtf in Resources */,
				8D15AC2F0486D014006FF6A4 /* InfoPlist.strings in Resources */,
				EEC9006A0DD04898006716F9 /* CSVManipulatorIcon.icns in Resources */,
				EE9E1DEE1046BDC400554687 /* MyDocument.xib in Resources */,
				EE9E1DF41046BE3900554687 /* MainMenu.xib in Resources */,
				EE64B6AE104A8598000DF5D2 /* CSVInspector.xib in Resources */,
				EE137ABC1090568600D31816 /* TB_add_column.png in Resources */,
				EE137ABD1090568600D31816 /* TB_inspector.tiff in Resources */,
				EE137ABE1090568600D31816 /* TB_remove_column.png in Resources */,
				EE137ABF1090568600D31816 /* TB_remove_row.png in Resources */,
				EE137AC01090568600D31816 /* TB_add_row.png in Resources */,
				EE137C331095E80700D31816 /* PPStringFormatManager.xib in Resources */,
				EE7146D7113687FC00418030 /* TB_reorder.png in Resources */,
				EE7146DB1136939D00418030 /* TB_export_formats.png in Resources */,
			);
			runOnlyForDeploymentPostprocessing = 0;
		};
/* End PBXResourcesBuildPhase section */

/* Begin PBXShellScriptBuildPhase section */
		EE1377021088767D00D31816 /* ShellScript */ = {
			isa = PBXShellScriptBuildPhase;
			buildActionMask = 2147483647;
			files = (
			);
			inputPaths = (
			);
			outputPaths = (
			);
			runOnlyForDeploymentPostprocessing = 0;
			shellPath = /bin/sh;
			shellScript = "if [ -f \"/Users/pp/Programming/SaveIBFiles.scpt\" ]; then\n\tosascript \"/Users/pp/Programming/SaveIBFiles.scpt\"\nfi";
			showEnvVarsInLog = 0;
		};
/* End PBXShellScriptBuildPhase section */

/* Begin PBXSourcesBuildPhase section */
		8D15AC300486D014006FF6A4 /* Sources */ = {
			isa = PBXSourcesBuildPhase;
			buildActionMask = 2147483647;
			files = (
				8D15AC310486D014006FF6A4 /* MyDocument.m in Sources */,
				8D15AC320486D014006FF6A4 /* main.m in Sources */,
				EE24A39B0D6ECCCB00C251A6 /* CSVRowController.m in Sources */,
				EE0D3A2A0D6F02350009A7B2 /* DataTableView.m in Sources */,
				EE1512200D7F048D0092C02F /* DataTableColumn.m in Sources */,
				EE1512210D7F048D0092C02F /* DataTableHeaderCell.m in Sources */,
				EE2EE5770DFD392B005764C0 /* RegexKitLite.m in Sources */,
				EE2EE6E80DFD8BDF005764C0 /* BC.m in Sources */,
				EEE8F3B50F13AA720081E83D /* CSVWindowController.m in Sources */,
				EEE8FA460F1523B70081E83D /* AppController.m in Sources */,
				EE9E10F310429B7300554687 /* CSVDocument.m in Sources */,
				EE9E10F410429B7300554687 /* CSVRow.m in Sources */,
				EE9E11111042BC8A00554687 /* CSVColumn.m in Sources */,
				EE9E21231047CF8700554687 /* PPToolbarView.m in Sources */,
				EE9E2267104805E300554687 /* PPToolbarButton.m in Sources */,
				EE9E22FD104812F800554687 /* PPToolbarButtonCell.m in Sources */,
				EE64B5A41049D9E6000DF5D2 /* PPStringFormat.m in Sources */,
				EE64B6281049E967000DF5D2 /* MyDocumentController.m in Sources */,
				EE64B697104A80FF000DF5D2 /* CSVInspector.m in Sources */,
				EE64B6F9104A9648000DF5D2 /* PPStringFormatEntity.m in Sources */,
				EE64B6FE104A9761000DF5D2 /* PPStringFormatRow.m in Sources */,
				EE219ED5107F849100E28D4D /* DataTableCell.m in Sources */,
				EEF072F01086302800C05DE9 /* DataTableHeaderView.m in Sources */,
				EE137C2B1095E68F00D31816 /* PPStringFormatManager.m in Sources */,
				EE1189361099E7450072804F /* PPStringFormatsController.m in Sources */,
				EE118BCE109B46770072804F /* PPStringFormatTransformPair.m in Sources */,
				EE118C5710A1B7AB0072804F /* PPStringFormatPreviewController.m in Sources */,
			);
			runOnlyForDeploymentPostprocessing = 0;
		};
/* End PBXSourcesBuildPhase section */

/* Begin PBXVariantGroup section */
		089C165FFE840EACC02AAC07 /* InfoPlist.strings */ = {
			isa = PBXVariantGroup;
			children = (
				089C1660FE840EACC02AAC07 /* English */,
			);
			name = InfoPlist.strings;
			sourceTree = "<group>";
		};
		2A37F4B9FDCFA73011CA2CEA /* Credits.rtf */ = {
			isa = PBXVariantGroup;
			children = (
				2A37F4BAFDCFA73011CA2CEA /* English */,
			);
			name = Credits.rtf;
			sourceTree = "<group>";
		};
		EE64B6AD104A8598000DF5D2 /* CSVInspector.xib */ = {
			isa = PBXVariantGroup;
			children = (
				EE64B6AB104A858A000DF5D2 /* English */,
			);
			name = CSVInspector.xib;
			sourceTree = "<group>";
		};
		EE9E1DED1046BDC400554687 /* MyDocument.xib */ = {
			isa = PBXVariantGroup;
			children = (
				EE9E1DEB1046BDC100554687 /* English */,
			);
			name = MyDocument.xib;
			sourceTree = "<group>";
		};
		EE9E1DF31046BE3900554687 /* MainMenu.xib */ = {
			isa = PBXVariantGroup;
			children = (
				EE9E1DF11046BE1F00554687 /* English */,
			);
			name = MainMenu.xib;
			sourceTree = "<group>";
		};
/* End PBXVariantGroup section */

/* Begin XCBuildConfiguration section */
		C05733C808A9546B00998B17 /* Debug */ = {
			isa = XCBuildConfiguration;
			buildSettings = {
				COPY_PHASE_STRIP = NO;
				GCC_DYNAMIC_NO_PIC = NO;
				GCC_ENABLE_FIX_AND_CONTINUE = YES;
				GCC_MODEL_TUNING = G5;
				GCC_OPTIMIZATION_LEVEL = 0;
				GCC_PRECOMPILE_PREFIX_HEADER = YES;
				GCC_PREFIX_HEADER = CSVManipulator_Prefix.pch;
				INFOPLIST_FILE = Info.plist;
				INSTALL_PATH = "$(HOME)/Applications";
				PRODUCT_NAME = CSVManipulator;
				WRAPPER_EXTENSION = app;
				ZERO_LINK = YES;
			};
			name = Debug;
		};
		C05733C908A9546B00998B17 /* Release */ = {
			isa = XCBuildConfiguration;
			buildSettings = {
				DEBUG_INFORMATION_FORMAT = "dwarf-with-dsym";
				GCC_MODEL_TUNING = G5;
				GCC_PRECOMPILE_PREFIX_HEADER = YES;
				GCC_PREFIX_HEADER = CSVManipulator_Prefix.pch;
				INFOPLIST_FILE = Info.plist;
				INSTALL_PATH = "$(HOME)/Applications";
				PRODUCT_NAME = CSVManipulator;
				WRAPPER_EXTENSION = app;
			};
			name = Release;
		};
		C05733CC08A9546B00998B17 /* Debug */ = {
			isa = XCBuildConfiguration;
			buildSettings = {
				FRAMEWORK_SEARCH_PATHS = "../core-plot/**";
				GCC_WARN_ABOUT_RETURN_TYPE = YES;
				GCC_WARN_UNUSED_VARIABLE = YES;
				HEADER_SEARCH_PATHS = "./**";
				OTHER_CFLAGS = (
					"-DCSV_STRING_EXPORTING",
					"-DDEBUG",
				);
				PREBINDING = NO;
				SDKROOT = "$(DEVELOPER_SDK_DIR)/MacOSX10.5.sdk";
			};
			name = Debug;
		};
		C05733CD08A9546B00998B17 /* Release */ = {
			isa = XCBuildConfiguration;
			buildSettings = {
				ARCHS = (
					ppc,
					i386,
				);
				FRAMEWORK_SEARCH_PATHS = "../core-plot//**";
				GCC_WARN_ABOUT_RETURN_TYPE = YES;
				GCC_WARN_UNUSED_VARIABLE = YES;
				HEADER_SEARCH_PATHS = "./**";
				PREBINDING = NO;
				SDKROOT = "$(DEVELOPER_SDK_DIR)/MacOSX10.5.sdk";
			};
			name = Release;
		};
		EE1377041088767D00D31816 /* Debug */ = {
			isa = XCBuildConfiguration;
			buildSettings = {
				COPY_PHASE_STRIP = NO;
				GCC_DYNAMIC_NO_PIC = NO;
				GCC_OPTIMIZATION_LEVEL = 0;
				PRODUCT_NAME = "Save IB Files";
			};
			name = Debug;
		};
		EE1377051088767D00D31816 /* Release */ = {
			isa = XCBuildConfiguration;
			buildSettings = {
				COPY_PHASE_STRIP = YES;
				DEBUG_INFORMATION_FORMAT = "dwarf-with-dsym";
				GCC_ENABLE_FIX_AND_CONTINUE = NO;
				PRODUCT_NAME = "Save IB Files";
				ZERO_LINK = NO;
			};
			name = Release;
		};
		EE714642113568CA00418030 /* Debug Plus */ = {
			isa = XCBuildConfiguration;
			buildSettings = {
				FRAMEWORK_SEARCH_PATHS = "../core-plot/**";
				GCC_WARN_ABOUT_RETURN_TYPE = YES;
				GCC_WARN_UNUSED_VARIABLE = YES;
				HEADER_SEARCH_PATHS = "./**";
				OTHER_CFLAGS = (
					"-DCSV_STRING_EXPORTING",
					"-DDEBUG",
				);
				PREBINDING = NO;
				RUN_CLANG_STATIC_ANALYZER = YES;
				SDKROOT = "$(DEVELOPER_SDK_DIR)/MacOSX10.5.sdk";
			};
			name = "Debug Plus";
		};
		EE714643113568CA00418030 /* Debug Plus */ = {
			isa = XCBuildConfiguration;
			buildSettings = {
				COPY_PHASE_STRIP = NO;
				GCC_DYNAMIC_NO_PIC = NO;
				GCC_ENABLE_FIX_AND_CONTINUE = YES;
				GCC_MODEL_TUNING = G5;
				GCC_OPTIMIZATION_LEVEL = 0;
				GCC_PRECOMPILE_PREFIX_HEADER = YES;
				GCC_PREFIX_HEADER = CSVManipulator_Prefix.pch;
				INFOPLIST_FILE = Info.plist;
				INSTALL_PATH = "$(HOME)/Applications";
				PRODUCT_NAME = CSVManipulator;
				WRAPPER_EXTENSION = app;
				ZERO_LINK = YES;
			};
			name = "Debug Plus";
		};
		EE714644113568CA00418030 /* Debug Plus */ = {
			isa = XCBuildConfiguration;
			buildSettings = {
				COPY_PHASE_STRIP = NO;
				GCC_DYNAMIC_NO_PIC = NO;
				GCC_OPTIMIZATION_LEVEL = 0;
				PRODUCT_NAME = "Save IB Files";
			};
			name = "Debug Plus";
		};
/* End XCBuildConfiguration section */

/* Begin XCConfigurationList section */
		C05733C708A9546B00998B17 /* Build configuration list for PBXNativeTarget "CSVManipulator" */ = {
			isa = XCConfigurationList;
			buildConfigurations = (
				C05733C808A9546B00998B17 /* Debug */,
				EE714643113568CA00418030 /* Debug Plus */,
				C05733C908A9546B00998B17 /* Release */,
			);
			defaultConfigurationIsVisible = 0;
			defaultConfigurationName = Release;
		};
		C05733CB08A9546B00998B17 /* Build configuration list for PBXProject "CSVManipulator" */ = {
			isa = XCConfigurationList;
			buildConfigurations = (
				C05733CC08A9546B00998B17 /* Debug */,
				EE714642113568CA00418030 /* Debug Plus */,
				C05733CD08A9546B00998B17 /* Release */,
			);
			defaultConfigurationIsVisible = 0;
			defaultConfigurationName = Release;
		};
		EE13770E108876B900D31816 /* Build configuration list for PBXAggregateTarget "Save IB Files" */ = {
			isa = XCConfigurationList;
			buildConfigurations = (
				EE1377041088767D00D31816 /* Debug */,
				EE714644113568CA00418030 /* Debug Plus */,
				EE1377051088767D00D31816 /* Release */,
			);
			defaultConfigurationIsVisible = 0;
			defaultConfigurationName = Release;
		};
/* End XCConfigurationList section */
	};
	rootObject = 2A37F4A9FDCFA73011CA2CEA /* Project object */;
}
